
Microsoft Visual Studio Solution File, Format Version 12.00
# Visual Studio 14
VisualStudioVersion = 14.0.25420.1
MinimumVisualStudioVersion = 10.0.40219.1
Project("{2150E333-8FDC-42A3-9474-1A3956D46DE8}") = ".nuget", ".nuget", "{DFA48E27-7D53-4955-A722-3D91A7119BE7}"
	ProjectSection(SolutionItems) = preProject
		.nuget\NuGet.Config = .nuget\NuGet.Config
		.nuget\NuGet.exe = .nuget\NuGet.exe
	EndProjectSection
EndProject
Project("{FAE04EC0-301F-11D3-BF4B-00C04F79EFBC}") = "Abp.NServiceBus.Core", "Abp.NServiceBus.Core\Abp.NServiceBus.Core.csproj", "{17298EA0-AF73-4F30-B6F1-2066100D7D74}"
EndProject
Project("{FAE04EC0-301F-11D3-BF4B-00C04F79EFBC}") = "Abp.NServiceBus.Application", "Abp.NServiceBus.Application\Abp.NServiceBus.Application.csproj", "{EDF5D964-4C0F-4F19-B674-58A38A5E5401}"
EndProject
Project("{FAE04EC0-301F-11D3-BF4B-00C04F79EFBC}") = "Abp.NServiceBus.EntityFramework", "Abp.NServiceBus.EntityFramework\Abp.NServiceBus.EntityFramework.csproj", "{3979F157-DEB0-4878-AB1D-4CEF6B5A1300}"
EndProject
Project("{FAE04EC0-301F-11D3-BF4B-00C04F79EFBC}") = "Abp.NServiceBus.Web", "Abp.NServiceBus.Web\Abp.NServiceBus.Web.csproj", "{897F6FD8-6F90-48E4-95A5-B4429B896205}"
EndProject
Project("{FAE04EC0-301F-11D3-BF4B-00C04F79EFBC}") = "Abp.NServiceBus.WebApi", "Abp.NServiceBus.WebApi\Abp.NServiceBus.WebApi.csproj", "{5EB52D3D-09FD-463A-B02A-8D9856BD3724}"
EndProject
Project("{2150E333-8FDC-42A3-9474-1A3956D46DE8}") = "Test", "Test", "{7E85C7E5-70BD-4C9D-B052-D95955F46609}"
EndProject
Project("{FAE04EC0-301F-11D3-BF4B-00C04F79EFBC}") = "Abp.NServiceBus.Tests", "Tests\Abp.NServiceBus.Tests\Abp.NServiceBus.Tests.csproj", "{C602C47E-F379-40A3-A146-4F19105B3491}"
EndProject
Project("{2150E333-8FDC-42A3-9474-1A3956D46DE8}") = "Tools", "Tools", "{7408541C-F99C-4197-B203-136115BD1CB9}"
EndProject
Project("{FAE04EC0-301F-11D3-BF4B-00C04F79EFBC}") = "Abp.NServiceBus.Migrator", "Tools\Abp.NServiceBus.Migrator\Abp.NServiceBus.Migrator.csproj", "{6F98C2F2-898A-421B-BE3D-68FE69EC0646}"
EndProject
Project("{FAE04EC0-301F-11D3-BF4B-00C04F79EFBC}") = "Abp.NServiceBus", "Abp.NServiceBus\Abp.NServiceBus.csproj", "{E8543DE9-C9E8-4BE5-A4C7-6768D5148E2E}"
EndProject
Project("{FAE04EC0-301F-11D3-BF4B-00C04F79EFBC}") = "Abp.NServiceBus.Contracts", "Abp.NServiceBus.Contracts\Abp.NServiceBus.Contracts.csproj", "{D83BC17E-7091-4DFB-AA5E-D28F04D15F48}"
EndProject
Project("{FAE04EC0-301F-11D3-BF4B-00C04F79EFBC}") = "Abp.NServiceBus.Endpoint1", "Abp.NServiceBus.Endpoint1\Abp.NServiceBus.Endpoint1.csproj", "{B625DA73-3483-4B09-AE5B-2A3BF0DC427D}"
EndProject
Project("{FAE04EC0-301F-11D3-BF4B-00C04F79EFBC}") = "Abp.NServiceBus.WebJobs", "Abp.NServiceBus.WebJobs\Abp.NServiceBus.WebJobs.csproj", "{7ABBCEE2-B1B8-4F0C-9720-4AEDACF180BF}"
EndProject
Project("{2150E333-8FDC-42A3-9474-1A3956D46DE8}") = "Abp", "Abp", "{20B76956-39D7-4FEC-B603-D0882B61B4E6}"
EndProject
Project("{2150E333-8FDC-42A3-9474-1A3956D46DE8}") = "Endpoints", "Endpoints", "{C9636092-7881-4F0E-AD0B-AE91DD5EF425}"
EndProject
Global
	GlobalSection(SolutionConfigurationPlatforms) = preSolution
		Debug|Any CPU = Debug|Any CPU
		Release|Any CPU = Release|Any CPU
	EndGlobalSection
	GlobalSection(ProjectConfigurationPlatforms) = postSolution
		{17298EA0-AF73-4F30-B6F1-2066100D7D74}.Debug|Any CPU.ActiveCfg = Debug|Any CPU
		{17298EA0-AF73-4F30-B6F1-2066100D7D74}.Debug|Any CPU.Build.0 = Debug|Any CPU
		{17298EA0-AF73-4F30-B6F1-2066100D7D74}.Release|Any CPU.ActiveCfg = Release|Any CPU
		{17298EA0-AF73-4F30-B6F1-2066100D7D74}.Release|Any CPU.Build.0 = Release|Any CPU
		{EDF5D964-4C0F-4F19-B674-58A38A5E5401}.Debug|Any CPU.ActiveCfg = Debug|Any CPU
		{EDF5D964-4C0F-4F19-B674-58A38A5E5401}.Debug|Any CPU.Build.0 = Debug|Any CPU
		{EDF5D964-4C0F-4F19-B674-58A38A5E5401}.Release|Any CPU.ActiveCfg = Release|Any CPU
		{EDF5D964-4C0F-4F19-B674-58A38A5E5401}.Release|Any CPU.Build.0 = Release|Any CPU
		{3979F157-DEB0-4878-AB1D-4CEF6B5A1300}.Debug|Any CPU.ActiveCfg = Debug|Any CPU
		{3979F157-DEB0-4878-AB1D-4CEF6B5A1300}.Debug|Any CPU.Build.0 = Debug|Any CPU
		{3979F157-DEB0-4878-AB1D-4CEF6B5A1300}.Release|Any CPU.ActiveCfg = Release|Any CPU
		{3979F157-DEB0-4878-AB1D-4CEF6B5A1300}.Release|Any CPU.Build.0 = Release|Any CPU
		{897F6FD8-6F90-48E4-95A5-B4429B896205}.Debug|Any CPU.ActiveCfg = Debug|Any CPU
		{897F6FD8-6F90-48E4-95A5-B4429B896205}.Debug|Any CPU.Build.0 = Debug|Any CPU
		{897F6FD8-6F90-48E4-95A5-B4429B896205}.Release|Any CPU.ActiveCfg = Release|Any CPU
		{897F6FD8-6F90-48E4-95A5-B4429B896205}.Release|Any CPU.Build.0 = Release|Any CPU
		{5EB52D3D-09FD-463A-B02A-8D9856BD3724}.Debug|Any CPU.ActiveCfg = Debug|Any CPU
		{5EB52D3D-09FD-463A-B02A-8D9856BD3724}.Debug|Any CPU.Build.0 = Debug|Any CPU
		{5EB52D3D-09FD-463A-B02A-8D9856BD3724}.Release|Any CPU.ActiveCfg = Release|Any CPU
		{5EB52D3D-09FD-463A-B02A-8D9856BD3724}.Release|Any CPU.Build.0 = Release|Any CPU
		{C602C47E-F379-40A3-A146-4F19105B3491}.Debug|Any CPU.ActiveCfg = Debug|Any CPU
		{C602C47E-F379-40A3-A146-4F19105B3491}.Debug|Any CPU.Build.0 = Debug|Any CPU
		{C602C47E-F379-40A3-A146-4F19105B3491}.Release|Any CPU.ActiveCfg = Release|Any CPU
		{C602C47E-F379-40A3-A146-4F19105B3491}.Release|Any CPU.Build.0 = Release|Any CPU
		{6F98C2F2-898A-421B-BE3D-68FE69EC0646}.Debug|Any CPU.ActiveCfg = Debug|Any CPU
		{6F98C2F2-898A-421B-BE3D-68FE69EC0646}.Debug|Any CPU.Build.0 = Debug|Any CPU
		{6F98C2F2-898A-421B-BE3D-68FE69EC0646}.Release|Any CPU.ActiveCfg = Release|Any CPU
		{6F98C2F2-898A-421B-BE3D-68FE69EC0646}.Release|Any CPU.Build.0 = Release|Any CPU
		{E8543DE9-C9E8-4BE5-A4C7-6768D5148E2E}.Debug|Any CPU.ActiveCfg = Debug|Any CPU
		{E8543DE9-C9E8-4BE5-A4C7-6768D5148E2E}.Debug|Any CPU.Build.0 = Debug|Any CPU
		{E8543DE9-C9E8-4BE5-A4C7-6768D5148E2E}.Release|Any CPU.ActiveCfg = Release|Any CPU
		{E8543DE9-C9E8-4BE5-A4C7-6768D5148E2E}.Release|Any CPU.Build.0 = Release|Any CPU
		{D83BC17E-7091-4DFB-AA5E-D28F04D15F48}.Debug|Any CPU.ActiveCfg = Debug|Any CPU
		{D83BC17E-7091-4DFB-AA5E-D28F04D15F48}.Debug|Any CPU.Build.0 = Debug|Any CPU
		{D83BC17E-7091-4DFB-AA5E-D28F04D15F48}.Release|Any CPU.ActiveCfg = Release|Any CPU
		{D83BC17E-7091-4DFB-AA5E-D28F04D15F48}.Release|Any CPU.Build.0 = Release|Any CPU
		{B625DA73-3483-4B09-AE5B-2A3BF0DC427D}.Debug|Any CPU.ActiveCfg = Debug|Any CPU
		{B625DA73-3483-4B09-AE5B-2A3BF0DC427D}.Debug|Any CPU.Build.0 = Debug|Any CPU
		{B625DA73-3483-4B09-AE5B-2A3BF0DC427D}.Release|Any CPU.ActiveCfg = Release|Any CPU
		{B625DA73-3483-4B09-AE5B-2A3BF0DC427D}.Release|Any CPU.Build.0 = Release|Any CPU
		{7ABBCEE2-B1B8-4F0C-9720-4AEDACF180BF}.Debug|Any CPU.ActiveCfg = Debug|Any CPU
		{7ABBCEE2-B1B8-4F0C-9720-4AEDACF180BF}.Debug|Any CPU.Build.0 = Debug|Any CPU
		{7ABBCEE2-B1B8-4F0C-9720-4AEDACF180BF}.Release|Any CPU.ActiveCfg = Release|Any CPU
		{7ABBCEE2-B1B8-4F0C-9720-4AEDACF180BF}.Release|Any CPU.Build.0 = Release|Any CPU
	EndGlobalSection
	GlobalSection(SolutionProperties) = preSolution
		HideSolutionNode = FALSE
	EndGlobalSection
	GlobalSection(NestedProjects) = preSolution
		{C602C47E-F379-40A3-A146-4F19105B3491} = {7E85C7E5-70BD-4C9D-B052-D95955F46609}
		{6F98C2F2-898A-421B-BE3D-68FE69EC0646} = {7408541C-F99C-4197-B203-136115BD1CB9}
		{E8543DE9-C9E8-4BE5-A4C7-6768D5148E2E} = {20B76956-39D7-4FEC-B603-D0882B61B4E6}
		{B625DA73-3483-4B09-AE5B-2A3BF0DC427D} = {C9636092-7881-4F0E-AD0B-AE91DD5EF425}
		{7ABBCEE2-B1B8-4F0C-9720-4AEDACF180BF} = {20B76956-39D7-4FEC-B603-D0882B61B4E6}
	EndGlobalSection
EndGlobal
